// !$*UTF8*$!
{
	archiveVersion = 1;
	classes = {
	};
	objectVersion = 48;
	objects = {

/* Begin PBXBuildFile section */
		0F6594682063880A001A806D /* StoryboardInstantiable.swift in Sources */ = {isa = PBXBuildFile; fileRef = 0F6594672063880A001A806D /* StoryboardInstantiable.swift */; };
		0F725162205A579000DF8F2F /* AppDelegate.swift in Sources */ = {isa = PBXBuildFile; fileRef = 0F725161205A579000DF8F2F /* AppDelegate.swift */; };
		0F725164205A579000DF8F2F /* ViewController.swift in Sources */ = {isa = PBXBuildFile; fileRef = 0F725163205A579000DF8F2F /* ViewController.swift */; };
		0F725167205A579000DF8F2F /* Main.storyboard in Resources */ = {isa = PBXBuildFile; fileRef = 0F725165205A579000DF8F2F /* Main.storyboard */; };
		0F725169205A579000DF8F2F /* Assets.xcassets in Resources */ = {isa = PBXBuildFile; fileRef = 0F725168205A579000DF8F2F /* Assets.xcassets */; };
		0F72516C205A579000DF8F2F /* LaunchScreen.storyboard in Resources */ = {isa = PBXBuildFile; fileRef = 0F72516A205A579000DF8F2F /* LaunchScreen.storyboard */; };
		0F725174205A57F600DF8F2F /* SuperVC.swift in Sources */ = {isa = PBXBuildFile; fileRef = 0F725173205A57F600DF8F2F /* SuperVC.swift */; };
		0F725176205A580D00DF8F2F /* MemberData.swift in Sources */ = {isa = PBXBuildFile; fileRef = 0F725175205A580D00DF8F2F /* MemberData.swift */; };
		0F72517A205A582200DF8F2F /* MemberRegistVC.swift in Sources */ = {isa = PBXBuildFile; fileRef = 0F725179205A582200DF8F2F /* MemberRegistVC.swift */; };
		0F72517D205A583600DF8F2F /* SearchVC.storyboard in Resources */ = {isa = PBXBuildFile; fileRef = 0F72517B205A583600DF8F2F /* SearchVC.storyboard */; };
		0F725180205A584000DF8F2F /* Globals.swift in Sources */ = {isa = PBXBuildFile; fileRef = 0F72517F205A584000DF8F2F /* Globals.swift */; };
		0F725182205A58B900DF8F2F /* MemberRegistVC.storyboard in Resources */ = {isa = PBXBuildFile; fileRef = 0F725181205A58B900DF8F2F /* MemberRegistVC.storyboard */; };
		0F725184205A591600DF8F2F /* LoginVC.storyboard in Resources */ = {isa = PBXBuildFile; fileRef = 0F725183205A591600DF8F2F /* LoginVC.storyboard */; };
		0F725186205A643000DF8F2F /* LoginVC.swift in Sources */ = {isa = PBXBuildFile; fileRef = 0F725185205A643000DF8F2F /* LoginVC.swift */; };
		0F72518E205A6CD600DF8F2F /* SearchVC.swift in Sources */ = {isa = PBXBuildFile; fileRef = 0F72518D205A6CD600DF8F2F /* SearchVC.swift */; };
		D8A9A306778EF5CEA324A7BC /* Pods_okashi2.framework in Frameworks */ = {isa = PBXBuildFile; fileRef = 0CA2E145346DE5DC0409D303 /* Pods_okashi2.framework */; };
/* End PBXBuildFile section */

/* Begin PBXFileReference section */
		0CA2E145346DE5DC0409D303 /* Pods_okashi2.framework */ = {isa = PBXFileReference; explicitFileType = wrapper.framework; includeInIndex = 0; path = Pods_okashi2.framework; sourceTree = BUILT_PRODUCTS_DIR; };
		0F6594672063880A001A806D /* StoryboardInstantiable.swift */ = {isa = PBXFileReference; fileEncoding = 4; lastKnownFileType = sourcecode.swift; path = StoryboardInstantiable.swift; sourceTree = "<group>"; };
		0F72515E205A579000DF8F2F /* okashi2.app */ = {isa = PBXFileReference; explicitFileType = wrapper.application; includeInIndex = 0; path = okashi2.app; sourceTree = BUILT_PRODUCTS_DIR; };
		0F725161205A579000DF8F2F /* AppDelegate.swift */ = {isa = PBXFileReference; lastKnownFileType = sourcecode.swift; path = AppDelegate.swift; sourceTree = "<group>"; };
		0F725163205A579000DF8F2F /* ViewController.swift */ = {isa = PBXFileReference; lastKnownFileType = sourcecode.swift; path = ViewController.swift; sourceTree = "<group>"; };
		0F725166205A579000DF8F2F /* Base */ = {isa = PBXFileReference; lastKnownFileType = file.storyboard; name = Base; path = Base.lproj/Main.storyboard; sourceTree = "<group>"; };
		0F725168205A579000DF8F2F /* Assets.xcassets */ = {isa = PBXFileReference; lastKnownFileType = folder.assetcatalog; path = Assets.xcassets; sourceTree = "<group>"; };
		0F72516B205A579000DF8F2F /* Base */ = {isa = PBXFileReference; lastKnownFileType = file.storyboard; name = Base; path = Base.lproj/LaunchScreen.storyboard; sourceTree = "<group>"; };
		0F72516D205A579000DF8F2F /* Info.plist */ = {isa = PBXFileReference; lastKnownFileType = text.plist.xml; path = Info.plist; sourceTree = "<group>"; };
		0F725173205A57F600DF8F2F /* SuperVC.swift */ = {isa = PBXFileReference; fileEncoding = 4; lastKnownFileType = sourcecode.swift; path = SuperVC.swift; sourceTree = "<group>"; };
		0F725175205A580D00DF8F2F /* MemberData.swift */ = {isa = PBXFileReference; fileEncoding = 4; lastKnownFileType = sourcecode.swift; path = MemberData.swift; sourceTree = "<group>"; };
		0F725179205A582200DF8F2F /* MemberRegistVC.swift */ = {isa = PBXFileReference; fileEncoding = 4; lastKnownFileType = sourcecode.swift; path = MemberRegistVC.swift; sourceTree = "<group>"; };
		0F72517B205A583600DF8F2F /* SearchVC.storyboard */ = {isa = PBXFileReference; fileEncoding = 4; lastKnownFileType = file.storyboard; path = SearchVC.storyboard; sourceTree = "<group>"; };
		0F72517F205A584000DF8F2F /* Globals.swift */ = {isa = PBXFileReference; fileEncoding = 4; lastKnownFileType = sourcecode.swift; path = Globals.swift; sourceTree = "<group>"; };
		0F725181205A58B900DF8F2F /* MemberRegistVC.storyboard */ = {isa = PBXFileReference; lastKnownFileType = file.storyboard; path = MemberRegistVC.storyboard; sourceTree = "<group>"; };
		0F725183205A591600DF8F2F /* LoginVC.storyboard */ = {isa = PBXFileReference; lastKnownFileType = file.storyboard; path = LoginVC.storyboard; sourceTree = "<group>"; };
		0F725185205A643000DF8F2F /* LoginVC.swift */ = {isa = PBXFileReference; lastKnownFileType = sourcecode.swift; path = LoginVC.swift; sourceTree = "<group>"; };
		0F72518D205A6CD600DF8F2F /* SearchVC.swift */ = {isa = PBXFileReference; lastKnownFileType = sourcecode.swift; path = SearchVC.swift; sourceTree = "<group>"; };
		4FC8CDC4463FC33864C9C7A7 /* Pods-okashi2.release.xcconfig */ = {isa = PBXFileReference; includeInIndex = 1; lastKnownFileType = text.xcconfig; name = "Pods-okashi2.release.xcconfig"; path = "Pods/Target Support Files/Pods-okashi2/Pods-okashi2.release.xcconfig"; sourceTree = "<group>"; };
		5E1193E5984E8A9A6C3C339B /* Pods-okashi2.debug.xcconfig */ = {isa = PBXFileReference; includeInIndex = 1; lastKnownFileType = text.xcconfig; name = "Pods-okashi2.debug.xcconfig"; path = "Pods/Target Support Files/Pods-okashi2/Pods-okashi2.debug.xcconfig"; sourceTree = "<group>"; };
/* End PBXFileReference section */

/* Begin PBXFrameworksBuildPhase section */
		0F72515B205A579000DF8F2F /* Frameworks */ = {
			isa = PBXFrameworksBuildPhase;
			buildActionMask = 2147483647;
			files = (
				D8A9A306778EF5CEA324A7BC /* Pods_okashi2.framework in Frameworks */,
			);
			runOnlyForDeploymentPostprocessing = 0;
		};
/* End PBXFrameworksBuildPhase section */

/* Begin PBXGroup section */
		095DD5C8D3D60CA10CFB1CA8 /* Pods */ = {
			isa = PBXGroup;
			children = (
				5E1193E5984E8A9A6C3C339B /* Pods-okashi2.debug.xcconfig */,
				4FC8CDC4463FC33864C9C7A7 /* Pods-okashi2.release.xcconfig */,
			);
			name = Pods;
			sourceTree = "<group>";
		};
		0F65946A206AA056001A806D /* swift */ = {
			isa = PBXGroup;
			children = (
				0F725173205A57F600DF8F2F /* SuperVC.swift */,
				0F72517F205A584000DF8F2F /* Globals.swift */,
				0F725175205A580D00DF8F2F /* MemberData.swift */,
				0F725163205A579000DF8F2F /* ViewController.swift */,
				0F725179205A582200DF8F2F /* MemberRegistVC.swift */,
				0F725185205A643000DF8F2F /* LoginVC.swift */,
				0F72518D205A6CD600DF8F2F /* SearchVC.swift */,
			);
			path = swift;
			sourceTree = "<group>";
		};
		0F65946B206AA0AA001A806D /* New Group */ = {
			isa = PBXGroup;
			children = (
				0F725165205A579000DF8F2F /* Main.storyboard */,
				0F725181205A58B900DF8F2F /* MemberRegistVC.storyboard */,
				0F725183205A591600DF8F2F /* LoginVC.storyboard */,
				0F72517B205A583600DF8F2F /* SearchVC.storyboard */,
			);
			path = "New Group";
			sourceTree = "<group>";
		};
		0F725155205A579000DF8F2F = {
			isa = PBXGroup;
			children = (
				0F65946A206AA056001A806D /* swift */,
				0F65946B206AA0AA001A806D /* New Group */,
				0F725160205A579000DF8F2F /* okashi2 */,
				0F72515F205A579000DF8F2F /* Products */,
				095DD5C8D3D60CA10CFB1CA8 /* Pods */,
				E3D1FDB759670FABB7B56F08 /* Frameworks */,
			);
			sourceTree = "<group>";
		};
		0F72515F205A579000DF8F2F /* Products */ = {
			isa = PBXGroup;
			children = (
				0F72515E205A579000DF8F2F /* okashi2.app */,
			);
			name = Products;
			sourceTree = "<group>";
		};
		0F725160205A579000DF8F2F /* okashi2 */ = {
			isa = PBXGroup;
			children = (
				0F6594672063880A001A806D /* StoryboardInstantiable.swift */,
				0F725161205A579000DF8F2F /* AppDelegate.swift */,
				0F72516D205A579000DF8F2F /* Info.plist */,
				0F72516A205A579000DF8F2F /* LaunchScreen.storyboard */,
				0F725168205A579000DF8F2F /* Assets.xcassets */,
			);
			path = okashi2;
			sourceTree = "<group>";
		};
		E3D1FDB759670FABB7B56F08 /* Frameworks */ = {
			isa = PBXGroup;
			children = (
				0CA2E145346DE5DC0409D303 /* Pods_okashi2.framework */,
			);
			name = Frameworks;
			sourceTree = "<group>";
		};
/* End PBXGroup section */

/* Begin PBXNativeTarget section */
		0F72515D205A579000DF8F2F /* okashi2 */ = {
			isa = PBXNativeTarget;
			buildConfigurationList = 0F725170205A579000DF8F2F /* Build configuration list for PBXNativeTarget "okashi2" */;
			buildPhases = (
				8008AADBD920EEAE1C89F7E3 /* [CP] Check Pods Manifest.lock */,
				0F72515A205A579000DF8F2F /* Sources */,
				0F72515B205A579000DF8F2F /* Frameworks */,
				0F72515C205A579000DF8F2F /* Resources */,
				8773FE22F53F512214CD84CB /* [CP] Embed Pods Frameworks */,
				978CF34228651D70F91FA89D /* [CP] Copy Pods Resources */,
			);
			buildRules = (
			);
			dependencies = (
			);
			name = okashi2;
			productName = okashi2;
			productReference = 0F72515E205A579000DF8F2F /* okashi2.app */;
			productType = "com.apple.product-type.application";
		};
/* End PBXNativeTarget section */

/* Begin PBXProject section */
		0F725156205A579000DF8F2F /* Project object */ = {
			isa = PBXProject;
			attributes = {
				LastSwiftUpdateCheck = 0920;
				LastUpgradeCheck = 0920;
				ORGANIZATIONNAME = User2;
				TargetAttributes = {
					0F72515D205A579000DF8F2F = {
						CreatedOnToolsVersion = 9.2;
						ProvisioningStyle = Automatic;
					};
				};
			};
			buildConfigurationList = 0F725159205A579000DF8F2F /* Build configuration list for PBXProject "okashi2" */;
			compatibilityVersion = "Xcode 8.0";
			developmentRegion = en;
			hasScannedForEncodings = 0;
			knownRegions = (
				en,
				Base,
			);
			mainGroup = 0F725155205A579000DF8F2F;
			productRefGroup = 0F72515F205A579000DF8F2F /* Products */;
			projectDirPath = "";
			projectRoot = "";
			targets = (
				0F72515D205A579000DF8F2F /* okashi2 */,
			);
		};
/* End PBXProject section */

/* Begin PBXResourcesBuildPhase section */
		0F72515C205A579000DF8F2F /* Resources */ = {
			isa = PBXResourcesBuildPhase;
			buildActionMask = 2147483647;
			files = (
				0F72516C205A579000DF8F2F /* LaunchScreen.storyboard in Resources */,
				0F725169205A579000DF8F2F /* Assets.xcassets in Resources */,
				0F725184205A591600DF8F2F /* LoginVC.storyboard in Resources */,
				0F725182205A58B900DF8F2F /* MemberRegistVC.storyboard in Resources */,
				0F72517D205A583600DF8F2F /* SearchVC.storyboard in Resources */,
				0F725167205A579000DF8F2F /* Main.storyboard in Resources */,
			);
			runOnlyForDeploymentPostprocessing = 0;
		};
/* End PBXResourcesBuildPhase section */

/* Begin PBXShellScriptBuildPhase section */
		8008AADBD920EEAE1C89F7E3 /* [CP] Check Pods Manifest.lock */ = {
			isa = PBXShellScriptBuildPhase;
			buildActionMask = 2147483647;
			files = (
			);
			inputPaths = (
				"${PODS_PODFILE_DIR_PATH}/Podfile.lock",
				"${PODS_ROOT}/Manifest.lock",
			);
			name = "[CP] Check Pods Manifest.lock";
			outputPaths = (
				"$(DERIVED_FILE_DIR)/Pods-okashi2-checkManifestLockResult.txt",
			);
			runOnlyForDeploymentPostprocessing = 0;
			shellPath = /bin/sh;
			shellScript = "diff \"${PODS_PODFILE_DIR_PATH}/Podfile.lock\" \"${PODS_ROOT}/Manifest.lock\" > /dev/null\nif [ $? != 0 ] ; then\n    # print error to STDERR\n    echo \"error: The sandbox is not in sync with the Podfile.lock. Run 'pod install' or update your CocoaPods installation.\" >&2\n    exit 1\nfi\n# This output is used by Xcode 'outputs' to avoid re-running this script phase.\necho \"SUCCESS\" > \"${SCRIPT_OUTPUT_FILE_0}\"\n";
			showEnvVarsInLog = 0;
		};
		8773FE22F53F512214CD84CB /* [CP] Embed Pods Frameworks */ = {
			isa = PBXShellScriptBuildPhase;
			buildActionMask = 2147483647;
			files = (
			);
			inputPaths = (
				"${SRCROOT}/Pods/Target Support Files/Pods-okashi2/Pods-okashi2-frameworks.sh",
				"${BUILT_PRODUCTS_DIR}/SwiftCop/SwiftCop.framework",
			);
			name = "[CP] Embed Pods Frameworks";
			outputPaths = (
				"${TARGET_BUILD_DIR}/${FRAMEWORKS_FOLDER_PATH}/SwiftCop.framework",
			);
			runOnlyForDeploymentPostprocessing = 0;
			shellPath = /bin/sh;
			shellScript = "\"${SRCROOT}/Pods/Target Support Files/Pods-okashi2/Pods-okashi2-frameworks.sh\"\n";
			showEnvVarsInLog = 0;
		};
		978CF34228651D70F91FA89D /* [CP] Copy Pods Resources */ = {
			isa = PBXShellScriptBuildPhase;
			buildActionMask = 2147483647;
			files = (
			);
			inputPaths = (
			);
			name = "[CP] Copy Pods Resources";
			outputPaths = (
			);
			runOnlyForDeploymentPostprocessing = 0;
			shellPath = /bin/sh;
			shellScript = "\"${SRCROOT}/Pods/Target Support Files/Pods-okashi2/Pods-okashi2-resources.sh\"\n";
			showEnvVarsInLog = 0;
		};
/* End PBXShellScriptBuildPhase section */

/* Begin PBXSourcesBuildPhase section */
		0F72515A205A579000DF8F2F /* Sources */ = {
			isa = PBXSourcesBuildPhase;
			buildActionMask = 2147483647;
			files = (
				0F72518E205A6CD600DF8F2F /* SearchVC.swift in Sources */,
				0F725174205A57F600DF8F2F /* SuperVC.swift in Sources */,
				0F725176205A580D00DF8F2F /* MemberData.swift in Sources */,
				0F725186205A643000DF8F2F /* LoginVC.swift in Sources */,
				0F6594682063880A001A806D /* StoryboardInstantiable.swift in Sources */,
				0F725164205A579000DF8F2F /* ViewController.swift in Sources */,
				0F725180205A584000DF8F2F /* Globals.swift in Sources */,
				0F725162205A579000DF8F2F /* AppDelegate.swift in Sources */,
				0F72517A205A582200DF8F2F /* MemberRegistVC.swift in Sources */,
			);
			runOnlyForDeploymentPostprocessing = 0;
		};
/* End PBXSourcesBuildPhase section */

/* Begin PBXVariantGroup section */
		0F725165205A579000DF8F2F /* Main.storyboard */ = {
			isa = PBXVariantGroup;
			children = (
				0F725166205A579000DF8F2F /* Base */,
			);
			name = Main.storyboard;
			sourceTree = "<group>";
		};
		0F72516A205A579000DF8F2F /* LaunchScreen.storyboard */ = {
			isa = PBXVariantGroup;
			children = (
				0F72516B205A579000DF8F2F /* Base */,
			);
			name = LaunchScreen.storyboard;
			sourceTree = "<group>";
		};
/* End PBXVariantGroup section */

/* Begin XCBuildConfiguration section */
		0F72516E205A579000DF8F2F /* Debug */ = {
			isa = XCBuildConfiguration;
			buildSettings = {
				ALWAYS_SEARCH_USER_PATHS = NO;
				CLANG_ANALYZER_NONNULL = YES;
				CLANG_ANALYZER_NUMBER_OBJECT_CONVERSION = YES_AGGRESSIVE;
				CLANG_CXX_LANGUAGE_STANDARD = "gnu++14";
				CLANG_CXX_LIBRARY = "libc++";
				CLANG_ENABLE_MODULES = YES;
				CLANG_ENABLE_OBJC_ARC = YES;
				CLANG_WARN_BLOCK_CAPTURE_AUTORELEASING = YES;
				CLANG_WARN_BOOL_CONVERSION = YES;
				CLANG_WARN_COMMA = YES;
				CLANG_WARN_CONSTANT_CONVERSION = YES;
				CLANG_WARN_DIRECT_OBJC_ISA_USAGE = YES_ERROR;
				CLANG_WARN_DOCUMENTATION_COMMENTS = YES;
				CLANG_WARN_EMPTY_BODY = YES;
				CLANG_WARN_ENUM_CONVERSION = YES;
				CLANG_WARN_INFINITE_RECURSION = YES;
				CLANG_WARN_INT_CONVERSION = YES;
				CLANG_WARN_NON_LITERAL_NULL_CONVERSION = YES;
				CLANG_WARN_OBJC_LITERAL_CONVERSION = YES;
				CLANG_WARN_OBJC_ROOT_CLASS = YES_ERROR;
				CLANG_WARN_RANGE_LOOP_ANALYSIS = YES;
				CLANG_WARN_STRICT_PROTOTYPES = YES;
				CLANG_WARN_SUSPICIOUS_MOVE = YES;
				CLANG_WARN_UNGUARDED_AVAILABILITY = YES_AGGRESSIVE;
				CLANG_WARN_UNREACHABLE_CODE = YES;
				CLANG_WARN__DUPLICATE_METHOD_MATCH = YES;
				CODE_SIGN_IDENTITY = "iPhone Developer";
				COPY_PHASE_STRIP = NO;
				DEBUG_INFORMATION_FORMAT = dwarf;
				ENABLE_STRICT_OBJC_MSGSEND = YES;
				ENABLE_TESTABILITY = YES;
				GCC_C_LANGUAGE_STANDARD = gnu11;
				GCC_DYNAMIC_NO_PIC = NO;
				GCC_NO_COMMON_BLOCKS = YES;
				GCC_OPTIMIZATION_LEVEL = 0;
				GCC_PREPROCESSOR_DEFINITIONS = (
					"DEBUG=1",
					"$(inherited)",
				);
				GCC_WARN_64_TO_32_BIT_CONVERSION = YES;
				GCC_WARN_ABOUT_RETURN_TYPE = YES_ERROR;
				GCC_WARN_UNDECLARED_SELECTOR = YES;
				GCC_WARN_UNINITIALIZED_AUTOS = YES_AGGRESSIVE;
				GCC_WARN_UNUSED_FUNCTION = YES;
				GCC_WARN_UNUSED_VARIABLE = YES;
				IPHONEOS_DEPLOYMENT_TARGET = 11.2;
				MTL_ENABLE_DEBUG_INFO = YES;
				ONLY_ACTIVE_ARCH = YES;
				SDKROOT = iphoneos;
				SWIFT_ACTIVE_COMPILATION_CONDITIONS = DEBUG;
				SWIFT_OPTIMIZATION_LEVEL = "-Onone";
			};
			name = Debug;
		};
		0F72516F205A579000DF8F2F /* Release */ = {
			isa = XCBuildConfiguration;
			buildSettings = {
				ALWAYS_SEARCH_USER_PATHS = NO;
				CLANG_ANALYZER_NONNULL = YES;
				CLANG_ANALYZER_NUMBER_OBJECT_CONVERSION = YES_AGGRESSIVE;
				CLANG_CXX_LANGUAGE_STANDARD = "gnu++14";
				CLANG_CXX_LIBRARY = "libc++";
				CLANG_ENABLE_MODULES = YES;
				CLANG_ENABLE_OBJC_ARC = YES;
				CLANG_WARN_BLOCK_CAPTURE_AUTORELEASING = YES;
				CLANG_WARN_BOOL_CONVERSION = YES;
				CLANG_WARN_COMMA = YES;
				CLANG_WARN_CONSTANT_CONVERSION = YES;
				CLANG_WARN_DIRECT_OBJC_ISA_USAGE = YES_ERROR;
				CLANG_WARN_DOCUMENTATION_COMMENTS = YES;
				CLANG_WARN_EMPTY_BODY = YES;
				CLANG_WARN_ENUM_CONVERSION = YES;
				CLANG_WARN_INFINITE_RECURSION = YES;
				CLANG_WARN_INT_CONVERSION = YES;
				CLANG_WARN_NON_LITERAL_NULL_CONVERSION = YES;
				CLANG_WARN_OBJC_LITERAL_CONVERSION = YES;
				CLANG_WARN_OBJC_ROOT_CLASS = YES_ERROR;
				CLANG_WARN_RANGE_LOOP_ANALYSIS = YES;
				CLANG_WARN_STRICT_PROTOTYPES = YES;
				CLANG_WARN_SUSPICIOUS_MOVE = YES;
				CLANG_WARN_UNGUARDED_AVAILABILITY = YES_AGGRESSIVE;
				CLANG_WARN_UNREACHABLE_CODE = YES;
				CLANG_WARN__DUPLICATE_METHOD_MATCH = YES;
				CODE_SIGN_IDENTITY = "iPhone Developer";
				COPY_PHASE_STRIP = NO;
				DEBUG_INFORMATION_FORMAT = "dwarf-with-dsym";
				ENABLE_NS_ASSERTIONS = NO;
				ENABLE_STRICT_OBJC_MSGSEND = YES;
				GCC_C_LANGUAGE_STANDARD = gnu11;
				GCC_NO_COMMON_BLOCKS = YES;
				GCC_WARN_64_TO_32_BIT_CONVERSION = YES;
				GCC_WARN_ABOUT_RETURN_TYPE = YES_ERROR;
				GCC_WARN_UNDECLARED_SELECTOR = YES;
				GCC_WARN_UNINITIALIZED_AUTOS = YES_AGGRESSIVE;
				GCC_WARN_UNUSED_FUNCTION = YES;
				GCC_WARN_UNUSED_VARIABLE = YES;
				IPHONEOS_DEPLOYMENT_TARGET = 11.2;
				MTL_ENABLE_DEBUG_INFO = NO;
				SDKROOT = iphoneos;
				SWIFT_OPTIMIZATION_LEVEL = "-Owholemodule";
				VALIDATE_PRODUCT = YES;
			};
			name = Release;
		};
		0F725171205A579000DF8F2F /* Debug */ = {
			isa = XCBuildConfiguration;
			baseConfigurationReference = 5E1193E5984E8A9A6C3C339B /* Pods-okashi2.debug.xcconfig */;
			buildSettings = {
				ASSETCATALOG_COMPILER_APPICON_NAME = AppIcon;
				CODE_SIGN_STYLE = Automatic;
				INFOPLIST_FILE = okashi2/Info.plist;
				LD_RUNPATH_SEARCH_PATHS = "$(inherited) @executable_path/Frameworks";
				PRODUCT_BUNDLE_IDENTIFIER = User2.okashi2;
				PRODUCT_NAME = "$(TARGET_NAME)";
				SWIFT_VERSION = 4.0;
				TARGETED_DEVICE_FAMILY = "1,2";
			};
			name = Debug;
		};
		0F725172205A579000DF8F2F /* Release */ = {
			isa = XCBuildConfiguration;
			baseConfigurationReference = 4FC8CDC4463FC33864C9C7A7 /* Pods-okashi2.release.xcconfig */;
			buildSettings = {
				ASSETCATALOG_COMPILER_APPICON_NAME = AppIcon;
				CODE_SIGN_STYLE = Automatic;
				INFOPLIST_FILE = okashi2/Info.plist;
				LD_RUNPATH_SEARCH_PATHS = "$(inherited) @executable_path/Frameworks";
				PRODUCT_BUNDLE_IDENTIFIER = User2.okashi2;
				PRODUCT_NAME = "$(TARGET_NAME)";
				SWIFT_VERSION = 4.0;
				TARGETED_DEVICE_FAMILY = "1,2";
			};
			name = Release;
		};
/* End XCBuildConfiguration section */

/* Begin XCConfigurationList section */
		0F725159205A579000DF8F2F /* Build configuration list for PBXProject "okashi2" */ = {
			isa = XCConfigurationList;
			buildConfigurations = (
				0F72516E205A579000DF8F2F /* Debug */,
				0F72516F205A579000DF8F2F /* Release */,
			);
			defaultConfigurationIsVisible = 0;
			defaultConfigurationName = Release;
		};
		0F725170205A579000DF8F2F /* Build configuration list for PBXNativeTarget "okashi2" */ = {
			isa = XCConfigurationList;
			buildConfigurations = (
				0F725171205A579000DF8F2F /* Debug */,
				0F725172205A579000DF8F2F /* Release */,
			);
			defaultConfigurationIsVisible = 0;
			defaultConfigurationName = Release;
		};
/* End XCConfigurationList section */
	};
	rootObject = 0F725156205A579000DF8F2F /* Project object */;
}
